{
  "nodes": {
    "nixpkgs": {
      "locked": {
        "lastModified": 1779560665,
        "narHash": "sha256-tpyBcxPpcQb8ukyNF7DoCwfSY3VPsxHoYwj00Cayv5o=",
        "owner": "NixOS",
        "repo": "nixpkgs",
        "rev": "64c08a7ca051951c8eae34e3e3cb1e202fe36786",
        "type": "github"
      },
      "original": {
        "owner": "NixOS",
        "ref": "nixos-unstable",
        "repo": "nixpkgs",
        "type": "github"
      }
    },
    "root": {
      "inputs": {
        "nixpkgs": "nixpkgs",
        "rust-overlay": "rust-overlay",
        "vcproj2ninja-src": "vcproj2ninja-src",
        "vostok-delinker-src": "vostok-delinker-src",
        "vostok-pdb-parser-src": "vostok-pdb-parser-src",
        "vostok-resources-db-src": "vostok-resources-db-src"
      }
    },
    "rust-overlay": {
      "inputs": {
        "nixpkgs": [
          "nixpkgs"
        ]
      },
      "locked": {
        "lastModified": 1779851998,
        "narHash": "sha256-UkkMh3bX9QW4Luqkm98nUaOqKWrU6i65mUnph3WeSSw=",
        "owner": "oxalica",
        "repo": "rust-overlay",
        "rev": "6cddd512fa2bf7231f098d3a2f92f6e4cff71e0a",
        "type": "github"
      },
      "original": {
        "owner": "oxalica",
        "repo": "rust-overlay",
        "type": "github"
      }
    },
    "vcproj2ninja-src": {
      "flake": false,
      "locked": {
        "lastModified": 1780842979,
        "narHash": "sha256-82XZP686X7EwRLqfGB+oSTXTYnlM9Q03LiCUj5vrjD8=",
        "owner": "srp-survarium",
        "repo": "vcproj2ninja",
        "rev": "7298095384fdf63f1d21a6364a038a7b63114634",
        "type": "github"
      },
      "original": {
        "owner": "srp-survarium",
        "repo": "vcproj2ninja",
        "type": "github"
      }
    },
    "vostok-delinker-src": {
      "flake": false,
      "locked": {
        "lastModified": 1780395660,
        "narHash": "sha256-dkFseT2Y5FtiwGdTFViz3N6etZylgahAXqYogGNo6CA=",
        "owner": "srp-survarium",
        "repo": "vostok-delinker",
        "rev": "5118e2a36d9ab3797094259db8311cae11e0770d",
        "type": "github"
      },
      "original": {
        "owner": "srp-survarium",
        "repo": "vostok-delinker",
        "type": "github"
      }
    },
    "vostok-pdb-parser-src": {
      "flake": false,
      "locked": {
        "lastModified": 1781040929,
        "narHash": "sha256-EX8OAAhe9WkV23f6iNXIPFlJPOCCrr4KpLviU8UBis4=",
        "owner": "srp-survarium",
        "repo": "vostok-pdb-parser",
        "rev": "d1275ffa9161bee4cd0b95bc4d550a40930e581a",
        "type": "github"
      },
      "original": {
        "owner": "srp-survarium",
        "repo": "vostok-pdb-parser",
        "type": "github"
      }
    },
    "vostok-resources-db-src": {
      "flake": false,
      "locked": {
        "lastModified": 1780108844,
        "narHash": "sha256-L9QM4hKQro4Hx11twnbRcXlO4khQcil4v/lIZZJuqeM=",
        "owner": "srp-survarium",
        "repo": "vostok-resources-db",
        "rev": "9498aca14014ef74460429f51eb41a6af333522c",
        "type": "github"
      },
      "original": {
        "owner": "srp-survarium",
        "repo": "vostok-resources-db",
        "type": "github"
      }
    }
  },
  "root": "root",
  "version": 7
}
