{
  "nodes": {
    "nixpkgs": {
      "locked": {
        "lastModified": 1779560665,
        "narHash": "sha256-tpyBcxPpcQb8ukyNF7DoCwfSY3VPsxHoYwj00Cayv5o=",
        "owner": "NixOS",
        "repo": "nixpkgs",
        "rev": "64c08a7ca051951c8eae34e3e3cb1e202fe36786",
        "type": "github"
      },
      "original": {
        "owner": "NixOS",
        "ref": "nixos-unstable",
        "repo": "nixpkgs",
        "type": "github"
      }
    },
    "pdb-fetch-nvim-src": {
      "flake": false,
      "locked": {
        "lastModified": 1786847374,
        "narHash": "sha256-RErcmij+p4GZhsYcP5vK0GC1RYFzupfriu2tQhFPNuU=",
        "owner": "srp-survarium",
        "repo": "pdb_fetch.nvim",
        "rev": "4a8891fc375267e6d56b04416d68590e855d0d3f",
        "type": "github"
      },
      "original": {
        "owner": "srp-survarium",
        "repo": "pdb_fetch.nvim",
        "type": "github"
      }
    },
    "root": {
      "inputs": {
        "nixpkgs": "nixpkgs",
        "pdb-fetch-nvim-src": "pdb-fetch-nvim-src",
        "rust-overlay": "rust-overlay",
        "vcproj2ninja-src": "vcproj2ninja-src",
        "vostok-delinker-src": "vostok-delinker-src",
        "vostok-pdb-parser-src": "vostok-pdb-parser-src",
        "vostok-resources-db-src": "vostok-resources-db-src"
      }
    },
    "rust-overlay": {
      "inputs": {
        "nixpkgs": [
          "nixpkgs"
        ]
      },
      "locked": {
        "lastModified": 1779851998,
        "narHash": "sha256-UkkMh3bX9QW4Luqkm98nUaOqKWrU6i65mUnph3WeSSw=",
        "owner": "oxalica",
        "repo": "rust-overlay",
        "rev": "6cddd512fa2bf7231f098d3a2f92f6e4cff71e0a",
        "type": "github"
      },
      "original": {
        "owner": "oxalica",
        "repo": "rust-overlay",
        "type": "github"
      }
    },
    "vcproj2ninja-src": {
      "flake": false,
      "locked": {
        "lastModified": 1781287274,
        "narHash": "sha256-edD4ZoydummQz6O5/U2oMTq9thz2fqezVsqSmmaXfKI=",
        "owner": "srp-survarium",
        "repo": "vcproj2ninja",
        "rev": "9ef43afc5767c8a46d8b9ecf16b9860f2b1d5f44",
        "type": "github"
      },
      "original": {
        "owner": "srp-survarium",
        "repo": "vcproj2ninja",
        "type": "github"
      }
    },
    "vostok-delinker-src": {
      "flake": false,
      "locked": {
        "lastModified": 1785073512,
        "narHash": "sha256-kGPe7+mAd6GW2u5QvN4k0hQGnkK1eHFZP9cFwEuFnic=",
        "owner": "srp-survarium",
        "repo": "vostok-delinker",
        "rev": "83bc6fc0835e80e6cf15ab68f98c0bde02020bbc",
        "type": "github"
      },
      "original": {
        "owner": "srp-survarium",
        "repo": "vostok-delinker",
        "rev": "83bc6fc0835e80e6cf15ab68f98c0bde02020bbc",
        "type": "github"
      }
    },
    "vostok-pdb-parser-src": {
      "flake": false,
      "locked": {
        "lastModified": 1786847065,
        "narHash": "sha256-i2iMQ8zMhZOzUO+Pq3QLEOAIDK/T0zF3hS2O8WgYNHs=",
        "owner": "srp-survarium",
        "repo": "vostok-pdb-parser",
        "rev": "d0eb2014efeca01c390440224c77a18c7a6d5e87",
        "type": "github"
      },
      "original": {
        "owner": "srp-survarium",
        "repo": "vostok-pdb-parser",
        "rev": "d0eb2014efeca01c390440224c77a18c7a6d5e87",
        "type": "github"
      }
    },
    "vostok-resources-db-src": {
      "flake": false,
      "locked": {
        "lastModified": 1780108844,
        "narHash": "sha256-L9QM4hKQro4Hx11twnbRcXlO4khQcil4v/lIZZJuqeM=",
        "owner": "srp-survarium",
        "repo": "vostok-resources-db",
        "rev": "9498aca14014ef74460429f51eb41a6af333522c",
        "type": "github"
      },
      "original": {
        "owner": "srp-survarium",
        "repo": "vostok-resources-db",
        "type": "github"
      }
    }
  },
  "root": "root",
  "version": 7
}
