
Microsoft Visual Studio Solution File, Format Version 10.00
# Visual Studio 2008
Project("{2150E333-8FDC-42A3-9474-1A3956D46DE8}") = "engine", "engine", "{776A52DA-4E55-4FBB-9128-942DEC6FD49F}"
EndProject
Project("{2150E333-8FDC-42A3-9474-1A3956D46DE8}") = "survarium", "survarium", "{4E2399DA-D511-4F61-ACCB-894F87214FC5}"
EndProject
Project("{2150E333-8FDC-42A3-9474-1A3956D46DE8}") = "ai", "ai", "{CF4712AF-0AD9-499D-BB31-3FFBF840E6BF}"
EndProject
Project("{2150E333-8FDC-42A3-9474-1A3956D46DE8}") = "animation", "animation", "{1920DFDF-1B22-4B03-A059-33549C9EBD7C}"
EndProject
Project("{2150E333-8FDC-42A3-9474-1A3956D46DE8}") = "core", "core", "{C92DCB6B-950B-4B4C-BEEF-1EDCAE789018}"
EndProject
Project("{2150E333-8FDC-42A3-9474-1A3956D46DE8}") = "editors", "editors", "{DEEF461C-D46A-41EC-BA27-3ED3E8E2F2C4}"
EndProject
Project("{2150E333-8FDC-42A3-9474-1A3956D46DE8}") = "network", "network", "{1375D386-5505-4A92-A8AB-0A9F52D4760E}"
EndProject
Project("{2150E333-8FDC-42A3-9474-1A3956D46DE8}") = "plugins", "plugins", "{BC0D9536-0705-4947-9D26-E4F604045613}"
EndProject
Project("{2150E333-8FDC-42A3-9474-1A3956D46DE8}") = "renders", "renders", "{8E80F945-8259-41C4-ABDC-CF75885833F6}"
EndProject
Project("{2150E333-8FDC-42A3-9474-1A3956D46DE8}") = "sdk", "sdk", "{A924A84E-4D86-43AA-A9C3-19A5C38FC5A2}"
EndProject
Project("{2150E333-8FDC-42A3-9474-1A3956D46DE8}") = "utilities", "utilities", "{80BFC1DD-D5BB-4AE5-9EC8-E41043292F46}"
EndProject
Project("{2150E333-8FDC-42A3-9474-1A3956D46DE8}") = ".NET", ".NET", "{9724E636-3095-4580-9937-970D9E6F12AF}"
EndProject
Project("{2150E333-8FDC-42A3-9474-1A3956D46DE8}") = "amd", "amd", "{153CE950-4603-4623-A79A-D2742AB2B52D}"
EndProject
Project("{2150E333-8FDC-42A3-9474-1A3956D46DE8}") = "bugtrap", "bugtrap", "{26CEB63F-00C3-43EB-B350-3D84654F67B7}"
EndProject
Project("{2150E333-8FDC-42A3-9474-1A3956D46DE8}") = "common", "common", "{87B60F9B-C60E-4521-B6E0-6E94D2C6AEE9}"
EndProject
Project("{2150E333-8FDC-42A3-9474-1A3956D46DE8}") = "cs", "cs", "{0242E44D-6F7D-40EA-B7EF-2C4255E445D1}"
EndProject
Project("{2150E333-8FDC-42A3-9474-1A3956D46DE8}") = "freeimage", "freeimage", "{A628F898-4358-46F7-A46A-AD354520B30E}"
EndProject
Project("{2150E333-8FDC-42A3-9474-1A3956D46DE8}") = "nvidia", "nvidia", "{459EFA26-D938-490C-96EB-C9A6C12F044E}"
EndProject
Project("{2150E333-8FDC-42A3-9474-1A3956D46DE8}") = "vorbis", "vorbis", "{C943D9F8-1E67-4BDB-8C90-BC9B27D66B7F}"
EndProject
Project("{8BC9CEB8-8B4A-11D0-8D11-00A0C91BC942}") = "ai", "vostok\ai\sources\ai.vcproj", "{A0327856-D686-4659-90B9-226877A9D11F}"
EndProject
Project("{8BC9CEB8-8B4A-11D0-8D11-00A0C91BC942}") = "ai_navigation", "vostok\ai_navigation\sources\ai_navigation.vcproj", "{E7FF01A9-20EA-431D-8EE5-71631F8C05A5}"
EndProject
Project("{8BC9CEB8-8B4A-11D0-8D11-00A0C91BC942}") = "animation", "vostok\animation\sources\animation.vcproj", "{E479FF54-6317-42C2-8B50-7522D869814F}"
EndProject
Project("{8BC9CEB8-8B4A-11D0-8D11-00A0C91BC942}") = "animation_editor", "vostok\editor\animation\sources\animation_editor.vcproj", "{6131E08B-62E9-4776-85AE-06C91D3AED7A}"
EndProject
Project("{8BC9CEB8-8B4A-11D0-8D11-00A0C91BC942}") = "bugtrap", "BugTrap\BugTrap.vcproj", "{E8CF1ADA-264A-4127-86C2-FD7057D3792C}"
	ProjectSection(ProjectDependencies) = postProject
		{CA2604CA-A2AC-49A1-A468-8AB5A2E6CBC9} = {CA2604CA-A2AC-49A1-A468-8AB5A2E6CBC9}
		{893279CB-0805-405F-B484-9BB728A18261} = {893279CB-0805-405F-B484-9BB728A18261}
	EndProjectSection
EndProject
Project("{8BC9CEB8-8B4A-11D0-8D11-00A0C91BC942}") = "bugtrapN", "BugTrap\BugTrapN.vcproj", "{DB2FF1D6-DA8A-4814-AF27-10F61BAFAC73}"
	ProjectSection(ProjectDependencies) = postProject
		{4499AFDB-F9F1-42DE-B41A-3195D7B50112} = {4499AFDB-F9F1-42DE-B41A-3195D7B50112}
		{4103F7E4-2835-48FB-BA5E-DD0A14A16927} = {4103F7E4-2835-48FB-BA5E-DD0A14A16927}
	EndProjectSection
EndProject
Project("{8BC9CEB8-8B4A-11D0-8D11-00A0C91BC942}") = "bullet", "bullet\bullet.vcproj", "{CB487885-BEF1-40E7-A6F9-0C98A72EF12A}"
EndProject
Project("{8BC9CEB8-8B4A-11D0-8D11-00A0C91BC942}") = "collision", "vostok\collision\sources\collision.vcproj", "{0FA0F2D0-73D3-4C9A-84F7-1D6873024F96}"
EndProject
Project("{8BC9CEB8-8B4A-11D0-8D11-00A0C91BC942}") = "core", "vostok\core\sources\core.vcproj", "{39624382-B2EB-46C8-A54B-733AC2D1C83F}"
	ProjectSection(ProjectDependencies) = postProject
		{B40AE7AD-8366-43AB-97C5-FEE45E229212} = {B40AE7AD-8366-43AB-97C5-FEE45E229212}
	EndProjectSection
EndProject
Project("{8BC9CEB8-8B4A-11D0-8D11-00A0C91BC942}") = "debug", "vostok\debug\sources\debug.vcproj", "{E31F3F03-D47A-4ED0-9503-171B94B1BFB2}"
EndProject
Project("{8BC9CEB8-8B4A-11D0-8D11-00A0C91BC942}") = "dialog_editor", "vostok\editor\dialog\sources\dialog_editor.vcproj", "{5EC58FB8-223B-4991-9074-AB7739DD7773}"
EndProject
Project("{8BC9CEB8-8B4A-11D0-8D11-00A0C91BC942}") = "editor", "vostok\editor\world\sources\editor.vcproj", "{F9523302-4516-4FEC-863B-01031632EC37}"
	ProjectSection(ProjectDependencies) = postProject
		{AC5DD91F-CE10-4E05-B48A-E1DDEC5CCD9C} = {AC5DD91F-CE10-4E05-B48A-E1DDEC5CCD9C}
		{4EBA1E2F-CEDE-4009-B890-30D72F9FEEEE} = {4EBA1E2F-CEDE-4009-B890-30D72F9FEEEE}
		{DB2FF1D6-DA8A-4814-AF27-10F61BAFAC73} = {DB2FF1D6-DA8A-4814-AF27-10F61BAFAC73}
		{9E219DF2-315D-478E-8A07-8960C377CE1E} = {9E219DF2-315D-478E-8A07-8960C377CE1E}
	EndProjectSection
EndProject
Project("{8BC9CEB8-8B4A-11D0-8D11-00A0C91BC942}") = "editor_base", "vostok\editor\base\sources\editor_base.vcproj", "{D48CBBFF-8B47-4E0F-915B-3220F3BC2402}"
EndProject
Project("{8BC9CEB8-8B4A-11D0-8D11-00A0C91BC942}") = "editor_controls", "vostok\editor\controls\sources\editor_controls.vcproj", "{FDDFC8AD-1E92-4A92-8937-152C64C5B980}"
EndProject
Project("{8BC9CEB8-8B4A-11D0-8D11-00A0C91BC942}") = "engine", "vostok\engine\sources\engine.vcproj", "{81243BA2-540C-4118-B99F-DC3CDBA53A34}"
	ProjectSection(ProjectDependencies) = postProject
		{E31F3F03-D47A-4ED0-9503-171B94B1BFB2} = {E31F3F03-D47A-4ED0-9503-171B94B1BFB2}
		{3A214E06-B95E-4D61-A291-1F8DF2EC10FD} = {3A214E06-B95E-4D61-A291-1F8DF2EC10FD}
		{1E8DB72A-E3ED-4E15-979B-31BA5BFDD4C1} = {1E8DB72A-E3ED-4E15-979B-31BA5BFDD4C1}
		{92742045-96DC-424A-883F-F4E463F4C39A} = {92742045-96DC-424A-883F-F4E463F4C39A}
		{E479FF54-6317-42C2-8B50-7522D869814F} = {E479FF54-6317-42C2-8B50-7522D869814F}
		{A0327856-D686-4659-90B9-226877A9D11F} = {A0327856-D686-4659-90B9-226877A9D11F}
		{7B585959-958A-4B8B-8A0B-C7FCB38D43BE} = {7B585959-958A-4B8B-8A0B-C7FCB38D43BE}
		{03011367-A6E5-4163-B06F-1E56531ADEBE} = {03011367-A6E5-4163-B06F-1E56531ADEBE}
		{82E59A6B-049A-412E-AEB1-3B679AAEC50F} = {82E59A6B-049A-412E-AEB1-3B679AAEC50F}
		{D8476D76-9C18-4712-8553-1464F00D0F2C} = {D8476D76-9C18-4712-8553-1464F00D0F2C}
		{39624382-B2EB-46C8-A54B-733AC2D1C83F} = {39624382-B2EB-46C8-A54B-733AC2D1C83F}
		{3ABCF987-4236-460A-87DD-40DA98BA3B31} = {3ABCF987-4236-460A-87DD-40DA98BA3B31}
		{CEBDE98B-A6AA-46E6-BC79-FAAF823DB9EC} = {CEBDE98B-A6AA-46E6-BC79-FAAF823DB9EC}
		{3C336F8E-48C1-4EEC-815C-027D836222BC} = {3C336F8E-48C1-4EEC-815C-027D836222BC}
		{89B26C95-1B8D-4B37-8A87-232F22996616} = {89B26C95-1B8D-4B37-8A87-232F22996616}
		{5F3E5796-D883-4D50-A1E2-246480650808} = {5F3E5796-D883-4D50-A1E2-246480650808}
		{23F036A4-B540-4F32-A58B-1C7A11523D48} = {23F036A4-B540-4F32-A58B-1C7A11523D48}
		{E7FF01A9-20EA-431D-8EE5-71631F8C05A5} = {E7FF01A9-20EA-431D-8EE5-71631F8C05A5}
		{0FA0F2D0-73D3-4C9A-84F7-1D6873024F96} = {0FA0F2D0-73D3-4C9A-84F7-1D6873024F96}
		{C2FEBAE9-7A0D-483E-89B7-1FF2388187E4} = {C2FEBAE9-7A0D-483E-89B7-1FF2388187E4}
		{1BF75FEB-87DD-486C-880B-227987D191C2} = {1BF75FEB-87DD-486C-880B-227987D191C2}
		{C739B7EC-C9C7-497D-8A9F-735AFC484914} = {C739B7EC-C9C7-497D-8A9F-735AFC484914}
		{15CBFEFF-7965-41F5-B4E2-21E8795C9159} = {15CBFEFF-7965-41F5-B4E2-21E8795C9159}
	EndProjectSection
EndProject
Project("{8BC9CEB8-8B4A-11D0-8D11-00A0C91BC942}") = "engine_pc_dx11", "vostok\engine\pc\dx11\sources\engine_pc_dx11.vcproj", "{AC5DD91F-CE10-4E05-B48A-E1DDEC5CCD9C}"
	ProjectSection(ProjectDependencies) = postProject
		{4EBA1E2F-CEDE-4009-B890-30D72F9FEEEE} = {4EBA1E2F-CEDE-4009-B890-30D72F9FEEEE}
		{10688643-85EA-4C0B-A19C-FFE025323791} = {10688643-85EA-4C0B-A19C-FFE025323791}
		{056D4C47-10DD-49AD-8213-8201E2114B06} = {056D4C47-10DD-49AD-8213-8201E2114B06}
		{7B585959-958A-4B8B-8A0B-C7FCB38D43BE} = {7B585959-958A-4B8B-8A0B-C7FCB38D43BE}
		{81243BA2-540C-4118-B99F-DC3CDBA53A34} = {81243BA2-540C-4118-B99F-DC3CDBA53A34}
		{B40AE7AD-8366-43AB-97C5-FEE45E229212} = {B40AE7AD-8366-43AB-97C5-FEE45E229212}
		{E8CF1ADA-264A-4127-86C2-FD7057D3792C} = {E8CF1ADA-264A-4127-86C2-FD7057D3792C}
		{4103F7E4-2835-48FB-BA5E-DD0A14A16927} = {4103F7E4-2835-48FB-BA5E-DD0A14A16927}
	EndProjectSection
EndProject
Project("{8BC9CEB8-8B4A-11D0-8D11-00A0C91BC942}") = "engine_pc_opengl", "vostok\engine\pc\opengl\sources\engine_pc_opengl.vcproj", "{0D4EC042-F237-4F3B-926A-7E9E304A6279}"
	ProjectSection(ProjectDependencies) = postProject
		{D8476D76-9C18-4712-8553-1464F00D0F2C} = {D8476D76-9C18-4712-8553-1464F00D0F2C}
		{81243BA2-540C-4118-B99F-DC3CDBA53A34} = {81243BA2-540C-4118-B99F-DC3CDBA53A34}
		{5D43FBAA-EC56-45A0-A390-FC97629B4229} = {5D43FBAA-EC56-45A0-A390-FC97629B4229}
		{E8CF1ADA-264A-4127-86C2-FD7057D3792C} = {E8CF1ADA-264A-4127-86C2-FD7057D3792C}
	EndProjectSection
EndProject
Project("{8BC9CEB8-8B4A-11D0-8D11-00A0C91BC942}") = "FreeImage", "FreeImage\FreeImageLib\FreeImageLib.vcproj", "{9E219DF2-315D-478E-8A07-8960C377CE1E}"
	ProjectSection(ProjectDependencies) = postProject
		{E3536C28-A7F1-4B53-8E52-7D2232F9E098} = {E3536C28-A7F1-4B53-8E52-7D2232F9E098}
		{431E3F3F-7C4D-430A-B8F1-4F165DB64EDC} = {431E3F3F-7C4D-430A-B8F1-4F165DB64EDC}
		{912A2D43-35A3-4AF2-B2EB-0D81EFFDA6DC} = {912A2D43-35A3-4AF2-B2EB-0D81EFFDA6DC}
		{17A4874B-0606-4687-90B6-F91F8CB3B8AF} = {17A4874B-0606-4687-90B6-F91F8CB3B8AF}
		{7DB10B50-CE00-4D7A-B322-6824F05D2FCB} = {7DB10B50-CE00-4D7A-B322-6824F05D2FCB}
		{5E1D4E5F-E10C-4BA3-B663-F33014FD21D9} = {5E1D4E5F-E10C-4BA3-B663-F33014FD21D9}
		{CA2604CA-A2AC-49A1-A468-8AB5A2E6CBC9} = {CA2604CA-A2AC-49A1-A468-8AB5A2E6CBC9}
	EndProjectSection
EndProject
Project("{8BC9CEB8-8B4A-11D0-8D11-00A0C91BC942}") = "fs", "vostok\fs\sources\fs.vcproj", "{23F036A4-B540-4F32-A58B-1C7A11523D48}"
EndProject
Project("{8BC9CEB8-8B4A-11D0-8D11-00A0C91BC942}") = "fs_pack", "vostok\fs_pack\sources\fs_pack.vcproj", "{4728470A-7290-4A72-8505-1D9A1944C7C4}"
	ProjectSection(ProjectDependencies) = postProject
		{39624382-B2EB-46C8-A54B-733AC2D1C83F} = {39624382-B2EB-46C8-A54B-733AC2D1C83F}
	EndProjectSection
EndProject
Project("{8BC9CEB8-8B4A-11D0-8D11-00A0C91BC942}") = "graphics_benchmark", "vostok\graphics_benchmark\sources\graphics_benchmark.vcproj", "{827DD5DE-6CBC-44E7-9178-A1786BF4EC8A}"
	ProjectSection(ProjectDependencies) = postProject
		{4EBA1E2F-CEDE-4009-B890-30D72F9FEEEE} = {4EBA1E2F-CEDE-4009-B890-30D72F9FEEEE}
		{10688643-85EA-4C0B-A19C-FFE025323791} = {10688643-85EA-4C0B-A19C-FFE025323791}
		{056D4C47-10DD-49AD-8213-8201E2114B06} = {056D4C47-10DD-49AD-8213-8201E2114B06}
		{39624382-B2EB-46C8-A54B-733AC2D1C83F} = {39624382-B2EB-46C8-A54B-733AC2D1C83F}
	EndProjectSection
EndProject
Project("{8BC9CEB8-8B4A-11D0-8D11-00A0C91BC942}") = "game", "vostok\game\sources\game.vcproj", "{9D1B540F-5E44-4ECA-B371-2BBF93B9DBC2}"
EndProject
Project("{8BC9CEB8-8B4A-11D0-8D11-00A0C91BC942}") = "input", "vostok\input\sources\input.vcproj", "{92742045-96DC-424A-883F-F4E463F4C39A}"
EndProject
Project("{8BC9CEB8-8B4A-11D0-8D11-00A0C91BC942}") = "LibFoundation", "WildMagic\LibFoundation\LibFoundation_VC90.vcproj", "{9CE08AA4-9163-4A42-BCBF-E361B5BA5BC0}"
EndProject
Project("{8BC9CEB8-8B4A-11D0-8D11-00A0C91BC942}") = "LibJPEG", "freeimage\LibJPEG\LibJPEG.vcproj", "{5E1D4E5F-E10C-4BA3-B663-F33014FD21D9}"
EndProject
Project("{8BC9CEB8-8B4A-11D0-8D11-00A0C91BC942}") = "LibMNG", "freeimage\LibMNG\libMNG.vcproj", "{912A2D43-35A3-4AF2-B2EB-0D81EFFDA6DC}"
EndProject
Project("{8BC9CEB8-8B4A-11D0-8D11-00A0C91BC942}") = "LibOpenJPEG", "freeimage\LibOpenJPEG\LibOpenJPEG.vcproj", "{E3536C28-A7F1-4B53-8E52-7D2232F9E098}"
EndProject
Project("{8BC9CEB8-8B4A-11D0-8D11-00A0C91BC942}") = "LibPNG", "freeimage\LibPNG\libPNG.vcproj", "{7DB10B50-CE00-4D7A-B322-6824F05D2FCB}"
EndProject
Project("{8BC9CEB8-8B4A-11D0-8D11-00A0C91BC942}") = "LibTIFF", "freeimage\LibTIFF\libTIFF.vcproj", "{431E3F3F-7C4D-430A-B8F1-4F165DB64EDC}"
EndProject
Project("{8BC9CEB8-8B4A-11D0-8D11-00A0C91BC942}") = "logging", "vostok\logging\sources\logging.vcproj", "{1E8DB72A-E3ED-4E15-979B-31BA5BFDD4C1}"
EndProject
Project("{8BC9CEB8-8B4A-11D0-8D11-00A0C91BC942}") = "lua.5.1.4", "lua\lua.5.1.4.vcproj", "{7526BE21-03E8-4339-8E64-AA08E359FBE0}"
EndProject
Project("{8BC9CEB8-8B4A-11D0-8D11-00A0C91BC942}") = "luabind.0.8.1", "luabind\sources\luabind.0.8.1.vcproj", "{CC52E0B3-CC35-4934-9302-035B748F3F2C}"
	ProjectSection(ProjectDependencies) = postProject
		{7526BE21-03E8-4339-8E64-AA08E359FBE0} = {7526BE21-03E8-4339-8E64-AA08E359FBE0}
	EndProjectSection
EndProject
Project("{8BC9CEB8-8B4A-11D0-8D11-00A0C91BC942}") = "maya2011", "vostok\maya\sources\maya.vcproj", "{5A9538ED-593C-40A1-979E-1ADF9312B6C5}"
	ProjectSection(ProjectDependencies) = postProject
		{E31F3F03-D47A-4ED0-9503-171B94B1BFB2} = {E31F3F03-D47A-4ED0-9503-171B94B1BFB2}
		{1E8DB72A-E3ED-4E15-979B-31BA5BFDD4C1} = {1E8DB72A-E3ED-4E15-979B-31BA5BFDD4C1}
		{4EBA1E2F-CEDE-4009-B890-30D72F9FEEEE} = {4EBA1E2F-CEDE-4009-B890-30D72F9FEEEE}
		{10688643-85EA-4C0B-A19C-FFE025323791} = {10688643-85EA-4C0B-A19C-FFE025323791}
		{056D4C47-10DD-49AD-8213-8201E2114B06} = {056D4C47-10DD-49AD-8213-8201E2114B06}
		{E479FF54-6317-42C2-8B50-7522D869814F} = {E479FF54-6317-42C2-8B50-7522D869814F}
		{82E59A6B-049A-412E-AEB1-3B679AAEC50F} = {82E59A6B-049A-412E-AEB1-3B679AAEC50F}
		{D8476D76-9C18-4712-8553-1464F00D0F2C} = {D8476D76-9C18-4712-8553-1464F00D0F2C}
		{39624382-B2EB-46C8-A54B-733AC2D1C83F} = {39624382-B2EB-46C8-A54B-733AC2D1C83F}
		{3ABCF987-4236-460A-87DD-40DA98BA3B31} = {3ABCF987-4236-460A-87DD-40DA98BA3B31}
		{89B26C95-1B8D-4B37-8A87-232F22996616} = {89B26C95-1B8D-4B37-8A87-232F22996616}
		{5F3E5796-D883-4D50-A1E2-246480650808} = {5F3E5796-D883-4D50-A1E2-246480650808}
		{23F036A4-B540-4F32-A58B-1C7A11523D48} = {23F036A4-B540-4F32-A58B-1C7A11523D48}
		{9CE08AA4-9163-4A42-BCBF-E361B5BA5BC0} = {9CE08AA4-9163-4A42-BCBF-E361B5BA5BC0}
		{0FA0F2D0-73D3-4C9A-84F7-1D6873024F96} = {0FA0F2D0-73D3-4C9A-84F7-1D6873024F96}
		{4103F7E4-2835-48FB-BA5E-DD0A14A16927} = {4103F7E4-2835-48FB-BA5E-DD0A14A16927}
		{C2FEBAE9-7A0D-483E-89B7-1FF2388187E4} = {C2FEBAE9-7A0D-483E-89B7-1FF2388187E4}
		{1BF75FEB-87DD-486C-880B-227987D191C2} = {1BF75FEB-87DD-486C-880B-227987D191C2}
	EndProjectSection
EndProject
Project("{8BC9CEB8-8B4A-11D0-8D11-00A0C91BC942}") = "maya_animation", "vostok\maya_animation\sources\maya_animation.vcproj", "{82E59A6B-049A-412E-AEB1-3B679AAEC50F}"
EndProject
Project("{8BC9CEB8-8B4A-11D0-8D11-00A0C91BC942}") = "minizip", "minizip\minizip.vcproj", "{893279CB-0805-405F-B484-9BB728A18261}"
	ProjectSection(ProjectDependencies) = postProject
		{CA2604CA-A2AC-49A1-A468-8AB5A2E6CBC9} = {CA2604CA-A2AC-49A1-A468-8AB5A2E6CBC9}
	EndProjectSection
EndProject
Project("{8BC9CEB8-8B4A-11D0-8D11-00A0C91BC942}") = "minizipN", "minizip\minizipN.vcproj", "{4499AFDB-F9F1-42DE-B41A-3195D7B50112}"
	ProjectSection(ProjectDependencies) = postProject
		{4103F7E4-2835-48FB-BA5E-DD0A14A16927} = {4103F7E4-2835-48FB-BA5E-DD0A14A16927}
	EndProjectSection
EndProject
Project("{8BC9CEB8-8B4A-11D0-8D11-00A0C91BC942}") = "model_editor", "vostok\editor\model\sources\model_editor.vcproj", "{09BE8F4A-0DCC-484D-9AB8-517E456EA429}"
	ProjectSection(ProjectDependencies) = postProject
		{C75532C4-765B-418E-B09B-46D36B2ABDB1} = {C75532C4-765B-418E-B09B-46D36B2ABDB1}
	EndProjectSection
EndProject
Project("{8BC9CEB8-8B4A-11D0-8D11-00A0C91BC942}") = "nvimage", "nvidia\nvt\project\nvimage.vcproj", "{4046F392-A18B-4C66-9639-3EABFFF5D531}"
EndProject
Project("{8BC9CEB8-8B4A-11D0-8D11-00A0C91BC942}") = "nvcore", "nvidia\nvt\project\nvcore.vcproj", "{F143D180-D4C4-4037-B3DE-BE89A21C8D1D}"
EndProject
Project("{8BC9CEB8-8B4A-11D0-8D11-00A0C91BC942}") = "nvtt", "nvidia\nvt\project\nvtt.vcproj", "{1AEB7681-57D8-48EE-813D-5C41CC38B647}"
	ProjectSection(ProjectDependencies) = postProject
		{CE017322-01FC-4851-9C8B-64E9A8E26C38} = {CE017322-01FC-4851-9C8B-64E9A8E26C38}
		{F143D180-D4C4-4037-B3DE-BE89A21C8D1D} = {F143D180-D4C4-4037-B3DE-BE89A21C8D1D}
		{4046F392-A18B-4C66-9639-3EABFFF5D531} = {4046F392-A18B-4C66-9639-3EABFFF5D531}
	EndProjectSection
EndProject
Project("{8BC9CEB8-8B4A-11D0-8D11-00A0C91BC942}") = "ode", "ode\sources\ode.vcproj", "{1BF75FEB-87DD-486C-880B-227987D191C2}"
EndProject
Project("{8BC9CEB8-8B4A-11D0-8D11-00A0C91BC942}") = "ogg", "ogg\sources\win32\VS2008\libogg_static.vcproj", "{15CBFEFF-7965-41F5-B4E2-21E8795C9159}"
EndProject
Project("{8BC9CEB8-8B4A-11D0-8D11-00A0C91BC942}") = "opcode", "opcode\Opcode.vcproj", "{89B26C95-1B8D-4B37-8A87-232F22996616}"
EndProject
Project("{8BC9CEB8-8B4A-11D0-8D11-00A0C91BC942}") = "OpenEXR", "freeimage\OpenEXR\OpenEXR.vcproj", "{17A4874B-0606-4687-90B6-F91F8CB3B8AF}"
EndProject
Project("{8BC9CEB8-8B4A-11D0-8D11-00A0C91BC942}") = "particle", "vostok\particle\sources\particle.vcproj", "{D8476D76-9C18-4712-8553-1464F00D0F2C}"
EndProject
Project("{8BC9CEB8-8B4A-11D0-8D11-00A0C91BC942}") = "particle_editor", "vostok\editor\particle\sources\particle_editor.vcproj", "{7B841BC8-D6BD-4665-92B9-21DE323D20FA}"
EndProject
Project("{2150E333-8FDC-42A3-9474-1A3956D46DE8}") = "dx11", "dx11", "{4806F475-DEDD-4C00-B866-E5E6AAC302C1}"
EndProject
Project("{8BC9CEB8-8B4A-11D0-8D11-00A0C91BC942}") = "physics", "vostok\physics\sources\physics.vcproj", "{3ABCF987-4236-460A-87DD-40DA98BA3B31}"
	ProjectSection(ProjectDependencies) = postProject
		{CB487885-BEF1-40E7-A6F9-0C98A72EF12A} = {CB487885-BEF1-40E7-A6F9-0C98A72EF12A}
		{1BF75FEB-87DD-486C-880B-227987D191C2} = {1BF75FEB-87DD-486C-880B-227987D191C2}
	EndProjectSection
EndProject
Project("{8BC9CEB8-8B4A-11D0-8D11-00A0C91BC942}") = "render_facade", "vostok\render\facade\sources\render_facade.vcproj", "{C2FEBAE9-7A0D-483E-89B7-1FF2388187E4}"
EndProject
Project("{8BC9CEB8-8B4A-11D0-8D11-00A0C91BC942}") = "render_core_pc_dx11", "vostok\render\core\dx11\sources\render_core_pc_dx11.vcproj", "{056D4C47-10DD-49AD-8213-8201E2114B06}"
EndProject
Project("{8BC9CEB8-8B4A-11D0-8D11-00A0C91BC942}") = "render_engine_pc_dx11", "vostok\render\engine\sources\render_engine_pc_dx11.vcproj", "{10688643-85EA-4C0B-A19C-FFE025323791}"
EndProject
Project("{8BC9CEB8-8B4A-11D0-8D11-00A0C91BC942}") = "rms_generator", "vostok\rms_generator\sources\rms_generator.vcproj", "{951FE628-A044-4AB5-86E6-253295216330}"
	ProjectSection(ProjectDependencies) = postProject
		{3A214E06-B95E-4D61-A291-1F8DF2EC10FD} = {3A214E06-B95E-4D61-A291-1F8DF2EC10FD}
		{39624382-B2EB-46C8-A54B-733AC2D1C83F} = {39624382-B2EB-46C8-A54B-733AC2D1C83F}
		{CEBDE98B-A6AA-46E6-BC79-FAAF823DB9EC} = {CEBDE98B-A6AA-46E6-BC79-FAAF823DB9EC}
		{15CBFEFF-7965-41F5-B4E2-21E8795C9159} = {15CBFEFF-7965-41F5-B4E2-21E8795C9159}
	EndProjectSection
EndProject
Project("{8BC9CEB8-8B4A-11D0-8D11-00A0C91BC942}") = "rtp", "vostok\rtp\sources\rtp.vcproj", "{03011367-A6E5-4163-B06F-1E56531ADEBE}"
EndProject
Project("{8BC9CEB8-8B4A-11D0-8D11-00A0C91BC942}") = "rtp_learn", "vostok\rtp_learn\sources\rtp_learn.vcproj", "{0180C052-92D3-4454-B910-47D97F9021F5}"
	ProjectSection(ProjectDependencies) = postProject
		{E479FF54-6317-42C2-8B50-7522D869814F} = {E479FF54-6317-42C2-8B50-7522D869814F}
		{03011367-A6E5-4163-B06F-1E56531ADEBE} = {03011367-A6E5-4163-B06F-1E56531ADEBE}
		{82E59A6B-049A-412E-AEB1-3B679AAEC50F} = {82E59A6B-049A-412E-AEB1-3B679AAEC50F}
		{39624382-B2EB-46C8-A54B-733AC2D1C83F} = {39624382-B2EB-46C8-A54B-733AC2D1C83F}
	EndProjectSection
EndProject
Project("{8BC9CEB8-8B4A-11D0-8D11-00A0C91BC942}") = "shaders - Shader Model 4.0", "..\resources\sources\shaders\sm_4_0\shaders.vcproj", "{1BEF05DB-4870-46D4-AA52-B49F745110D0}"
EndProject
Project("{8BC9CEB8-8B4A-11D0-8D11-00A0C91BC942}") = "shader_compiler", "vostok\shader_compiler\sources\shader_compiler.vcproj", "{F28D31F1-5A42-4235-8F19-EA92E9BED50E}"
	ProjectSection(ProjectDependencies) = postProject
		{056D4C47-10DD-49AD-8213-8201E2114B06} = {056D4C47-10DD-49AD-8213-8201E2114B06}
		{39624382-B2EB-46C8-A54B-733AC2D1C83F} = {39624382-B2EB-46C8-A54B-733AC2D1C83F}
	EndProjectSection
EndProject
Project("{8BC9CEB8-8B4A-11D0-8D11-00A0C91BC942}") = "shader_generator", "vostok\shader_generator\sources\shader_generator.vcproj", "{73FED916-1AB3-426C-A6D6-14A428B424A6}"
EndProject
Project("{8BC9CEB8-8B4A-11D0-8D11-00A0C91BC942}") = "sound", "vostok\sound\sources\sound.vcproj", "{3C336F8E-48C1-4EEC-815C-027D836222BC}"
EndProject
Project("{8BC9CEB8-8B4A-11D0-8D11-00A0C91BC942}") = "sound_editor", "vostok\editor\sound\sources\sound_editor.vcproj", "{DD6BF626-6D88-41F4-AC04-C807904C1ECF}"
EndProject
Project("{8BC9CEB8-8B4A-11D0-8D11-00A0C91BC942}") = "survarium - PC - DirectX 11", "vostok\survarium\pc\sources\survarium_pc_dx11.vcproj", "{2C0244D2-EF70-45C5-A088-1594FCCB428F}"
	ProjectSection(ProjectDependencies) = postProject
		{F9523302-4516-4FEC-863B-01031632EC37} = {F9523302-4516-4FEC-863B-01031632EC37}
		{9D1B540F-5E44-4ECA-B371-2BBF93B9DBC2} = {9D1B540F-5E44-4ECA-B371-2BBF93B9DBC2}
		{AC5DD91F-CE10-4E05-B48A-E1DDEC5CCD9C} = {AC5DD91F-CE10-4E05-B48A-E1DDEC5CCD9C}
		{DF4E4F25-7D8B-4CB6-B5F4-95DFB333CC29} = {DF4E4F25-7D8B-4CB6-B5F4-95DFB333CC29}
		{4103F7E4-2835-48FB-BA5E-DD0A14A16927} = {4103F7E4-2835-48FB-BA5E-DD0A14A16927}
	EndProjectSection
EndProject
Project("{8BC9CEB8-8B4A-11D0-8D11-00A0C91BC942}") = "survarium - PC - OpenGL", "vostok\survarium\pc\sources\survarium_pc_opengl.vcproj", "{7231FA3F-64A7-448E-87D6-6FD2ADA055DD}"
	ProjectSection(ProjectDependencies) = postProject
		{9D1B540F-5E44-4ECA-B371-2BBF93B9DBC2} = {9D1B540F-5E44-4ECA-B371-2BBF93B9DBC2}
		{0D4EC042-F237-4F3B-926A-7E9E304A6279} = {0D4EC042-F237-4F3B-926A-7E9E304A6279}
	EndProjectSection
EndProject
Project("{8BC9CEB8-8B4A-11D0-8D11-00A0C91BC942}") = "squish", "nvidia\nvt\project\squish.vcproj", "{CE017322-01FC-4851-9C8B-64E9A8E26C38}"
EndProject
Project("{8BC9CEB8-8B4A-11D0-8D11-00A0C91BC942}") = "test", "vostok\test\sources\test.vcproj", "{32340157-C4AF-4380-9239-D5ECA5DDDC65}"
	ProjectSection(ProjectDependencies) = postProject
		{39624382-B2EB-46C8-A54B-733AC2D1C83F} = {39624382-B2EB-46C8-A54B-733AC2D1C83F}
		{3ABCF987-4236-460A-87DD-40DA98BA3B31} = {3ABCF987-4236-460A-87DD-40DA98BA3B31}
	EndProjectSection
EndProject
Project("{8BC9CEB8-8B4A-11D0-8D11-00A0C91BC942}") = "test_form", "vostok\test_form\test_form.vcproj", "{58D6D4F2-6C9A-4FD8-AFA5-DE0991A26D36}"
EndProject
Project("{8BC9CEB8-8B4A-11D0-8D11-00A0C91BC942}") = "test_animations", "vostok\test_animations\sources\test_animations.vcproj", "{9288AF70-7995-42D1-AE8F-CE14825FBC60}"
	ProjectSection(ProjectDependencies) = postProject
		{E479FF54-6317-42C2-8B50-7522D869814F} = {E479FF54-6317-42C2-8B50-7522D869814F}
		{39624382-B2EB-46C8-A54B-733AC2D1C83F} = {39624382-B2EB-46C8-A54B-733AC2D1C83F}
	EndProjectSection
EndProject
Project("{8BC9CEB8-8B4A-11D0-8D11-00A0C91BC942}") = "texture_compressor", "amd\compress\texture_compressor\texture_compressor.vcproj", "{4EBA1E2F-CEDE-4009-B890-30D72F9FEEEE}"
	ProjectSection(ProjectDependencies) = postProject
		{1AEB7681-57D8-48EE-813D-5C41CC38B647} = {1AEB7681-57D8-48EE-813D-5C41CC38B647}
		{9E219DF2-315D-478E-8A07-8960C377CE1E} = {9E219DF2-315D-478E-8A07-8960C377CE1E}
	EndProjectSection
EndProject
Project("{8BC9CEB8-8B4A-11D0-8D11-00A0C91BC942}") = "texture_compressor_test", "vostok\texture_compressor_test\sources\texture_compressor_test.vcproj", "{EAFB22ED-6CE8-4740-AF16-6AE6DB773462}"
	ProjectSection(ProjectDependencies) = postProject
		{4EBA1E2F-CEDE-4009-B890-30D72F9FEEEE} = {4EBA1E2F-CEDE-4009-B890-30D72F9FEEEE}
		{39624382-B2EB-46C8-A54B-733AC2D1C83F} = {39624382-B2EB-46C8-A54B-733AC2D1C83F}
		{9E219DF2-315D-478E-8A07-8960C377CE1E} = {9E219DF2-315D-478E-8A07-8960C377CE1E}
	EndProjectSection
EndProject
Project("{8BC9CEB8-8B4A-11D0-8D11-00A0C91BC942}") = "theora", "theora\sources\win32\VS2008\libtheora\libtheora_static.vcproj", "{653F3841-3F26-49B9-AFCF-091DB4B67031}"
EndProject
Project("{8BC9CEB8-8B4A-11D0-8D11-00A0C91BC942}") = "ui", "vostok\ui\sources\ui.vcproj", "{C739B7EC-C9C7-497D-8A9F-735AFC484914}"
EndProject
Project("{8BC9CEB8-8B4A-11D0-8D11-00A0C91BC942}") = "vfs", "vostok\vfs\sources\vfs.vcproj", "{5F3E5796-D883-4D50-A1E2-246480650808}"
	ProjectSection(ProjectDependencies) = postProject
		{23F036A4-B540-4F32-A58B-1C7A11523D48} = {23F036A4-B540-4F32-A58B-1C7A11523D48}
	EndProjectSection
EndProject
Project("{8BC9CEB8-8B4A-11D0-8D11-00A0C91BC942}") = "vorbis", "vorbis\sources\win32\VS2008\libvorbis\libvorbis_static.vcproj", "{3A214E06-B95E-4D61-A291-1F8DF2EC10FD}"
EndProject
Project("{8BC9CEB8-8B4A-11D0-8D11-00A0C91BC942}") = "vorbisfile", "vorbis\sources\win32\VS2008\libvorbisfile\libvorbisfile_static.vcproj", "{CEBDE98B-A6AA-46E6-BC79-FAAF823DB9EC}"
EndProject
Project("{FAE04EC0-301F-11D3-BF4B-00C04F79EFBC}") = "WeifenLuo.WinFormsUI.Docking", "WeifenLuo.WinFormsUI.Docking\WeifenLuo.WinFormsUI.Docking.csproj", "{C75532C4-765B-418E-B09B-46D36B2ABDB1}"
EndProject
Project("{FAE04EC0-301F-11D3-BF4B-00C04F79EFBC}") = "WPFToolkit.Extended", "WPFToolkit.Extended\WPFToolkit.Extended.csproj", "{72E591D6-8F83-4D8C-8F67-9C325E623234}"
EndProject
Project("{FAE04EC0-301F-11D3-BF4B-00C04F79EFBC}") = "wpf_controls", "vostok\wpf_controls\wpf_controls.csproj", "{1351B0D6-E811-43F6-B57D-08655826DE18}"
EndProject
Project("{8BC9CEB8-8B4A-11D0-8D11-00A0C91BC942}") = "zlib", "zlib\zlib.vcproj", "{CA2604CA-A2AC-49A1-A468-8AB5A2E6CBC9}"
EndProject
Project("{8BC9CEB8-8B4A-11D0-8D11-00A0C91BC942}") = "zlibN", "zlib\zlibN.vcproj", "{4103F7E4-2835-48FB-BA5E-DD0A14A16927}"
EndProject
Project("{8BC9CEB8-8B4A-11D0-8D11-00A0C91BC942}") = "sound_system_usage_example", "vostok\sound_system_usage_example\sources\sound_system_usage_example.vcproj", "{A9089CDE-82CB-4A02-B32C-470F1AC5E838}"
	ProjectSection(ProjectDependencies) = postProject
		{E31F3F03-D47A-4ED0-9503-171B94B1BFB2} = {E31F3F03-D47A-4ED0-9503-171B94B1BFB2}
		{1E8DB72A-E3ED-4E15-979B-31BA5BFDD4C1} = {1E8DB72A-E3ED-4E15-979B-31BA5BFDD4C1}
		{10688643-85EA-4C0B-A19C-FFE025323791} = {10688643-85EA-4C0B-A19C-FFE025323791}
		{056D4C47-10DD-49AD-8213-8201E2114B06} = {056D4C47-10DD-49AD-8213-8201E2114B06}
		{E479FF54-6317-42C2-8B50-7522D869814F} = {E479FF54-6317-42C2-8B50-7522D869814F}
		{D8476D76-9C18-4712-8553-1464F00D0F2C} = {D8476D76-9C18-4712-8553-1464F00D0F2C}
		{39624382-B2EB-46C8-A54B-733AC2D1C83F} = {39624382-B2EB-46C8-A54B-733AC2D1C83F}
		{3ABCF987-4236-460A-87DD-40DA98BA3B31} = {3ABCF987-4236-460A-87DD-40DA98BA3B31}
		{3C336F8E-48C1-4EEC-815C-027D836222BC} = {3C336F8E-48C1-4EEC-815C-027D836222BC}
		{5F3E5796-D883-4D50-A1E2-246480650808} = {5F3E5796-D883-4D50-A1E2-246480650808}
		{23F036A4-B540-4F32-A58B-1C7A11523D48} = {23F036A4-B540-4F32-A58B-1C7A11523D48}
		{0FA0F2D0-73D3-4C9A-84F7-1D6873024F96} = {0FA0F2D0-73D3-4C9A-84F7-1D6873024F96}
		{E8CF1ADA-264A-4127-86C2-FD7057D3792C} = {E8CF1ADA-264A-4127-86C2-FD7057D3792C}
		{C2FEBAE9-7A0D-483E-89B7-1FF2388187E4} = {C2FEBAE9-7A0D-483E-89B7-1FF2388187E4}
	EndProjectSection
EndProject
Project("{8BC9CEB8-8B4A-11D0-8D11-00A0C91BC942}") = "vfs_pack", "vostok\vfs_pack\sources\vfs_pack.vcproj", "{4841F13C-BFB3-4D2A-8B1F-4038A06648AB}"
	ProjectSection(ProjectDependencies) = postProject
		{39624382-B2EB-46C8-A54B-733AC2D1C83F} = {39624382-B2EB-46C8-A54B-733AC2D1C83F}
		{5F3E5796-D883-4D50-A1E2-246480650808} = {5F3E5796-D883-4D50-A1E2-246480650808}
		{23F036A4-B540-4F32-A58B-1C7A11523D48} = {23F036A4-B540-4F32-A58B-1C7A11523D48}
	EndProjectSection
EndProject
Project("{8BC9CEB8-8B4A-11D0-8D11-00A0C91BC942}") = "resources_performance_test", "vostok\resources_performance_test\sources\resources_performance_test.vcproj", "{A015EEF3-8A2E-48B5-B303-154708610B25}"
	ProjectSection(ProjectDependencies) = postProject
		{E31F3F03-D47A-4ED0-9503-171B94B1BFB2} = {E31F3F03-D47A-4ED0-9503-171B94B1BFB2}
		{1E8DB72A-E3ED-4E15-979B-31BA5BFDD4C1} = {1E8DB72A-E3ED-4E15-979B-31BA5BFDD4C1}
		{39624382-B2EB-46C8-A54B-733AC2D1C83F} = {39624382-B2EB-46C8-A54B-733AC2D1C83F}
		{5F3E5796-D883-4D50-A1E2-246480650808} = {5F3E5796-D883-4D50-A1E2-246480650808}
		{23F036A4-B540-4F32-A58B-1C7A11523D48} = {23F036A4-B540-4F32-A58B-1C7A11523D48}
	EndProjectSection
EndProject
Project("{8BC9CEB8-8B4A-11D0-8D11-00A0C91BC942}") = "maya2012", "vostok\maya\sources\maya2012.vcproj", "{36878ABA-15C7-48A8-9AAB-1F418CE3A5AD}"
	ProjectSection(ProjectDependencies) = postProject
		{E31F3F03-D47A-4ED0-9503-171B94B1BFB2} = {E31F3F03-D47A-4ED0-9503-171B94B1BFB2}
		{1E8DB72A-E3ED-4E15-979B-31BA5BFDD4C1} = {1E8DB72A-E3ED-4E15-979B-31BA5BFDD4C1}
		{4EBA1E2F-CEDE-4009-B890-30D72F9FEEEE} = {4EBA1E2F-CEDE-4009-B890-30D72F9FEEEE}
		{10688643-85EA-4C0B-A19C-FFE025323791} = {10688643-85EA-4C0B-A19C-FFE025323791}
		{056D4C47-10DD-49AD-8213-8201E2114B06} = {056D4C47-10DD-49AD-8213-8201E2114B06}
		{E479FF54-6317-42C2-8B50-7522D869814F} = {E479FF54-6317-42C2-8B50-7522D869814F}
		{82E59A6B-049A-412E-AEB1-3B679AAEC50F} = {82E59A6B-049A-412E-AEB1-3B679AAEC50F}
		{D8476D76-9C18-4712-8553-1464F00D0F2C} = {D8476D76-9C18-4712-8553-1464F00D0F2C}
		{39624382-B2EB-46C8-A54B-733AC2D1C83F} = {39624382-B2EB-46C8-A54B-733AC2D1C83F}
		{3ABCF987-4236-460A-87DD-40DA98BA3B31} = {3ABCF987-4236-460A-87DD-40DA98BA3B31}
		{89B26C95-1B8D-4B37-8A87-232F22996616} = {89B26C95-1B8D-4B37-8A87-232F22996616}
		{5F3E5796-D883-4D50-A1E2-246480650808} = {5F3E5796-D883-4D50-A1E2-246480650808}
		{23F036A4-B540-4F32-A58B-1C7A11523D48} = {23F036A4-B540-4F32-A58B-1C7A11523D48}
		{9CE08AA4-9163-4A42-BCBF-E361B5BA5BC0} = {9CE08AA4-9163-4A42-BCBF-E361B5BA5BC0}
		{0FA0F2D0-73D3-4C9A-84F7-1D6873024F96} = {0FA0F2D0-73D3-4C9A-84F7-1D6873024F96}
		{4103F7E4-2835-48FB-BA5E-DD0A14A16927} = {4103F7E4-2835-48FB-BA5E-DD0A14A16927}
		{C2FEBAE9-7A0D-483E-89B7-1FF2388187E4} = {C2FEBAE9-7A0D-483E-89B7-1FF2388187E4}
	EndProjectSection
EndProject
Project("{2150E333-8FDC-42A3-9474-1A3956D46DE8}") = "pc", "pc", "{8D2E90F4-B0D0-4B91-84EC-FE583D8C66F3}"
EndProject
Project("{8BC9CEB8-8B4A-11D0-8D11-00A0C91BC942}") = "render_engine_pc_opengl", "vostok\render\engine\sources\render_engine_pc_opengl.vcproj", "{5D43FBAA-EC56-45A0-A390-FC97629B4229}"
EndProject
Project("{2150E333-8FDC-42A3-9474-1A3956D46DE8}") = "opengl", "opengl", "{AA86F3B2-7439-467E-A3D4-652E0A94CE9C}"
EndProject
Project("{8BC9CEB8-8B4A-11D0-8D11-00A0C91BC942}") = "core", "cs\core\sources\core.vcproj", "{0BD7E7B1-9179-47EA-91AD-C105ABBE9FA0}"
	ProjectSection(ProjectDependencies) = postProject
		{CC52E0B3-CC35-4934-9302-035B748F3F2C} = {CC52E0B3-CC35-4934-9302-035B748F3F2C}
	EndProjectSection
EndProject
Project("{8BC9CEB8-8B4A-11D0-8D11-00A0C91BC942}") = "script", "cs\script\sources\script.vcproj", "{B40AE7AD-8366-43AB-97C5-FEE45E229212}"
	ProjectSection(ProjectDependencies) = postProject
		{0BD7E7B1-9179-47EA-91AD-C105ABBE9FA0} = {0BD7E7B1-9179-47EA-91AD-C105ABBE9FA0}
	EndProjectSection
EndProject
Project("{8BC9CEB8-8B4A-11D0-8D11-00A0C91BC942}") = "client", "vostok\client\sources\client.vcproj", "{9F3383D0-956F-4CC0-A26B-36FBD3F63C50}"
EndProject
Project("{8BC9CEB8-8B4A-11D0-8D11-00A0C91BC942}") = "game_server", "vostok\game_server\sources\game_server.vcproj", "{FD1259AB-D7CA-4331-93EF-B57E09E50422}"
	ProjectSection(ProjectDependencies) = postProject
		{E31F3F03-D47A-4ED0-9503-171B94B1BFB2} = {E31F3F03-D47A-4ED0-9503-171B94B1BFB2}
		{1E8DB72A-E3ED-4E15-979B-31BA5BFDD4C1} = {1E8DB72A-E3ED-4E15-979B-31BA5BFDD4C1}
		{7B585959-958A-4B8B-8A0B-C7FCB38D43BE} = {7B585959-958A-4B8B-8A0B-C7FCB38D43BE}
		{39624382-B2EB-46C8-A54B-733AC2D1C83F} = {39624382-B2EB-46C8-A54B-733AC2D1C83F}
		{5F3E5796-D883-4D50-A1E2-246480650808} = {5F3E5796-D883-4D50-A1E2-246480650808}
		{23F036A4-B540-4F32-A58B-1C7A11523D48} = {23F036A4-B540-4F32-A58B-1C7A11523D48}
	EndProjectSection
EndProject
Project("{8BC9CEB8-8B4A-11D0-8D11-00A0C91BC942}") = "lobby_server", "vostok\lobby_server\sources\lobby_server.vcproj", "{70E975C2-1B9B-43C1-90DC-E6BD41782876}"
EndProject
Project("{8BC9CEB8-8B4A-11D0-8D11-00A0C91BC942}") = "login_server", "vostok\login_server\sources\login_server.vcproj", "{531A5115-A412-41FD-B430-909BC1192981}"
EndProject
Project("{8BC9CEB8-8B4A-11D0-8D11-00A0C91BC942}") = "network", "vostok\network\sources\network.vcproj", "{7B585959-958A-4B8B-8A0B-C7FCB38D43BE}"
EndProject
Project("{8BC9CEB8-8B4A-11D0-8D11-00A0C91BC942}") = "game_core", "vostok\game_core\sources\game_core.vcproj", "{DF4E4F25-7D8B-4CB6-B5F4-95DFB333CC29}"
	ProjectSection(ProjectDependencies) = postProject
		{25A7363B-1DAF-48D3-AEDE-4B7186FA29D6} = {25A7363B-1DAF-48D3-AEDE-4B7186FA29D6}
	EndProjectSection
EndProject
Project("{8BC9CEB8-8B4A-11D0-8D11-00A0C91BC942}") = "network_core", "vostok\network_core\sources\network_core.vcproj", "{25A7363B-1DAF-48D3-AEDE-4B7186FA29D6}"
EndProject
Project("{2150E333-8FDC-42A3-9474-1A3956D46DE8}") = "NewFolder1", "NewFolder1", "{22E7D60C-D75C-46E4-8CCB-1D395D5FC54D}"
EndProject
Global
	GlobalSection(SolutionConfigurationPlatforms) = preSolution
		Master Gold|Win32 = Master Gold|Win32
	EndGlobalSection
	GlobalSection(ProjectConfigurationPlatforms) = postSolution
		{A0327856-D686-4659-90B9-226877A9D11F}.Master Gold|Win32.ActiveCfg = Master Gold|Win32
		{A0327856-D686-4659-90B9-226877A9D11F}.Master Gold|Win32.Build.0 = Master Gold|Win32
		{E7FF01A9-20EA-431D-8EE5-71631F8C05A5}.Master Gold|Win32.ActiveCfg = Master Gold|Win32
		{E7FF01A9-20EA-431D-8EE5-71631F8C05A5}.Master Gold|Win32.Build.0 = Master Gold|Win32
		{E479FF54-6317-42C2-8B50-7522D869814F}.Master Gold|Win32.ActiveCfg = Master Gold|Win32
		{E479FF54-6317-42C2-8B50-7522D869814F}.Master Gold|Win32.Build.0 = Master Gold|Win32
		{6131E08B-62E9-4776-85AE-06C91D3AED7A}.Master Gold|Win32.ActiveCfg = Release|Win32
		{E8CF1ADA-264A-4127-86C2-FD7057D3792C}.Master Gold|Win32.ActiveCfg = Release|Win32
		{E8CF1ADA-264A-4127-86C2-FD7057D3792C}.Master Gold|Win32.Build.0 = Release|Win32
		{DB2FF1D6-DA8A-4814-AF27-10F61BAFAC73}.Master Gold|Win32.ActiveCfg = Release|Win32
		{CB487885-BEF1-40E7-A6F9-0C98A72EF12A}.Master Gold|Win32.ActiveCfg = Master Gold|Win32
		{CB487885-BEF1-40E7-A6F9-0C98A72EF12A}.Master Gold|Win32.Build.0 = Master Gold|Win32
		{0FA0F2D0-73D3-4C9A-84F7-1D6873024F96}.Master Gold|Win32.ActiveCfg = Master Gold|Win32
		{0FA0F2D0-73D3-4C9A-84F7-1D6873024F96}.Master Gold|Win32.Build.0 = Master Gold|Win32
		{39624382-B2EB-46C8-A54B-733AC2D1C83F}.Master Gold|Win32.ActiveCfg = Master Gold|Win32
		{39624382-B2EB-46C8-A54B-733AC2D1C83F}.Master Gold|Win32.Build.0 = Master Gold|Win32
		{E31F3F03-D47A-4ED0-9503-171B94B1BFB2}.Master Gold|Win32.ActiveCfg = Master Gold|Win32
		{E31F3F03-D47A-4ED0-9503-171B94B1BFB2}.Master Gold|Win32.Build.0 = Master Gold|Win32
		{5EC58FB8-223B-4991-9074-AB7739DD7773}.Master Gold|Win32.ActiveCfg = Release|Win32
		{F9523302-4516-4FEC-863B-01031632EC37}.Master Gold|Win32.ActiveCfg = Release|Win32
		{D48CBBFF-8B47-4E0F-915B-3220F3BC2402}.Master Gold|Win32.ActiveCfg = Release|Win32
		{FDDFC8AD-1E92-4A92-8937-152C64C5B980}.Master Gold|Win32.ActiveCfg = Release|Win32
		{81243BA2-540C-4118-B99F-DC3CDBA53A34}.Master Gold|Win32.ActiveCfg = Master Gold|Win32
		{81243BA2-540C-4118-B99F-DC3CDBA53A34}.Master Gold|Win32.Build.0 = Master Gold|Win32
		{AC5DD91F-CE10-4E05-B48A-E1DDEC5CCD9C}.Master Gold|Win32.ActiveCfg = Master Gold|Win32
		{AC5DD91F-CE10-4E05-B48A-E1DDEC5CCD9C}.Master Gold|Win32.Build.0 = Master Gold|Win32
		{0D4EC042-F237-4F3B-926A-7E9E304A6279}.Master Gold|Win32.ActiveCfg = Master Gold|Win32
		{0D4EC042-F237-4F3B-926A-7E9E304A6279}.Master Gold|Win32.Build.0 = Master Gold|Win32
		{9E219DF2-315D-478E-8A07-8960C377CE1E}.Master Gold|Win32.ActiveCfg = Release|Win32
		{9E219DF2-315D-478E-8A07-8960C377CE1E}.Master Gold|Win32.Build.0 = Release|Win32
		{23F036A4-B540-4F32-A58B-1C7A11523D48}.Master Gold|Win32.ActiveCfg = Master Gold|Win32
		{23F036A4-B540-4F32-A58B-1C7A11523D48}.Master Gold|Win32.Build.0 = Master Gold|Win32
		{4728470A-7290-4A72-8505-1D9A1944C7C4}.Master Gold|Win32.ActiveCfg = Release(static)|Win32
		{827DD5DE-6CBC-44E7-9178-A1786BF4EC8A}.Master Gold|Win32.ActiveCfg = Master Gold|Win32
		{827DD5DE-6CBC-44E7-9178-A1786BF4EC8A}.Master Gold|Win32.Build.0 = Master Gold|Win32
		{9D1B540F-5E44-4ECA-B371-2BBF93B9DBC2}.Master Gold|Win32.ActiveCfg = Master Gold|Win32
		{9D1B540F-5E44-4ECA-B371-2BBF93B9DBC2}.Master Gold|Win32.Build.0 = Master Gold|Win32
		{92742045-96DC-424A-883F-F4E463F4C39A}.Master Gold|Win32.ActiveCfg = Master Gold|Win32
		{92742045-96DC-424A-883F-F4E463F4C39A}.Master Gold|Win32.Build.0 = Master Gold|Win32
		{9CE08AA4-9163-4A42-BCBF-E361B5BA5BC0}.Master Gold|Win32.ActiveCfg = Release|Win32
		{5E1D4E5F-E10C-4BA3-B663-F33014FD21D9}.Master Gold|Win32.ActiveCfg = Release|Win32
		{5E1D4E5F-E10C-4BA3-B663-F33014FD21D9}.Master Gold|Win32.Build.0 = Release|Win32
		{912A2D43-35A3-4AF2-B2EB-0D81EFFDA6DC}.Master Gold|Win32.ActiveCfg = Release|Win32
		{912A2D43-35A3-4AF2-B2EB-0D81EFFDA6DC}.Master Gold|Win32.Build.0 = Release|Win32
		{E3536C28-A7F1-4B53-8E52-7D2232F9E098}.Master Gold|Win32.ActiveCfg = Release|Win32
		{E3536C28-A7F1-4B53-8E52-7D2232F9E098}.Master Gold|Win32.Build.0 = Release|Win32
		{7DB10B50-CE00-4D7A-B322-6824F05D2FCB}.Master Gold|Win32.ActiveCfg = Release|Win32
		{7DB10B50-CE00-4D7A-B322-6824F05D2FCB}.Master Gold|Win32.Build.0 = Release|Win32
		{431E3F3F-7C4D-430A-B8F1-4F165DB64EDC}.Master Gold|Win32.ActiveCfg = Release|Win32
		{431E3F3F-7C4D-430A-B8F1-4F165DB64EDC}.Master Gold|Win32.Build.0 = Release|Win32
		{1E8DB72A-E3ED-4E15-979B-31BA5BFDD4C1}.Master Gold|Win32.ActiveCfg = Master Gold|Win32
		{1E8DB72A-E3ED-4E15-979B-31BA5BFDD4C1}.Master Gold|Win32.Build.0 = Master Gold|Win32
		{7526BE21-03E8-4339-8E64-AA08E359FBE0}.Master Gold|Win32.ActiveCfg = Release (static)|Win32
		{7526BE21-03E8-4339-8E64-AA08E359FBE0}.Master Gold|Win32.Build.0 = Release (static)|Win32
		{CC52E0B3-CC35-4934-9302-035B748F3F2C}.Master Gold|Win32.ActiveCfg = Release (static)|Win32
		{CC52E0B3-CC35-4934-9302-035B748F3F2C}.Master Gold|Win32.Build.0 = Release (static)|Win32
		{5A9538ED-593C-40A1-979E-1ADF9312B6C5}.Master Gold|Win32.ActiveCfg = Release|Win32
		{82E59A6B-049A-412E-AEB1-3B679AAEC50F}.Master Gold|Win32.ActiveCfg = Master Gold|Win32
		{82E59A6B-049A-412E-AEB1-3B679AAEC50F}.Master Gold|Win32.Build.0 = Master Gold|Win32
		{893279CB-0805-405F-B484-9BB728A18261}.Master Gold|Win32.ActiveCfg = Release|Win32
		{893279CB-0805-405F-B484-9BB728A18261}.Master Gold|Win32.Build.0 = Release|Win32
		{4499AFDB-F9F1-42DE-B41A-3195D7B50112}.Master Gold|Win32.ActiveCfg = Release|Win32
		{09BE8F4A-0DCC-484D-9AB8-517E456EA429}.Master Gold|Win32.ActiveCfg = Debug|Win32
		{4046F392-A18B-4C66-9639-3EABFFF5D531}.Master Gold|Win32.ActiveCfg = Release|Win32
		{4046F392-A18B-4C66-9639-3EABFFF5D531}.Master Gold|Win32.Build.0 = Release|Win32
		{F143D180-D4C4-4037-B3DE-BE89A21C8D1D}.Master Gold|Win32.ActiveCfg = Release|Win32
		{F143D180-D4C4-4037-B3DE-BE89A21C8D1D}.Master Gold|Win32.Build.0 = Release|Win32
		{1AEB7681-57D8-48EE-813D-5C41CC38B647}.Master Gold|Win32.ActiveCfg = Release|Win32
		{1AEB7681-57D8-48EE-813D-5C41CC38B647}.Master Gold|Win32.Build.0 = Release|Win32
		{1BF75FEB-87DD-486C-880B-227987D191C2}.Master Gold|Win32.ActiveCfg = Master Gold|Win32
		{1BF75FEB-87DD-486C-880B-227987D191C2}.Master Gold|Win32.Build.0 = Master Gold|Win32
		{15CBFEFF-7965-41F5-B4E2-21E8795C9159}.Master Gold|Win32.ActiveCfg = Master Gold|Win32
		{15CBFEFF-7965-41F5-B4E2-21E8795C9159}.Master Gold|Win32.Build.0 = Master Gold|Win32
		{89B26C95-1B8D-4B37-8A87-232F22996616}.Master Gold|Win32.ActiveCfg = Master Gold|Win32
		{89B26C95-1B8D-4B37-8A87-232F22996616}.Master Gold|Win32.Build.0 = Master Gold|Win32
		{17A4874B-0606-4687-90B6-F91F8CB3B8AF}.Master Gold|Win32.ActiveCfg = Release|Win32
		{17A4874B-0606-4687-90B6-F91F8CB3B8AF}.Master Gold|Win32.Build.0 = Release|Win32
		{D8476D76-9C18-4712-8553-1464F00D0F2C}.Master Gold|Win32.ActiveCfg = Master Gold|Win32
		{D8476D76-9C18-4712-8553-1464F00D0F2C}.Master Gold|Win32.Build.0 = Master Gold|Win32
		{7B841BC8-D6BD-4665-92B9-21DE323D20FA}.Master Gold|Win32.ActiveCfg = Debug|Win32
		{3ABCF987-4236-460A-87DD-40DA98BA3B31}.Master Gold|Win32.ActiveCfg = Master Gold|Win32
		{3ABCF987-4236-460A-87DD-40DA98BA3B31}.Master Gold|Win32.Build.0 = Master Gold|Win32
		{C2FEBAE9-7A0D-483E-89B7-1FF2388187E4}.Master Gold|Win32.ActiveCfg = Master Gold|Win32
		{C2FEBAE9-7A0D-483E-89B7-1FF2388187E4}.Master Gold|Win32.Build.0 = Master Gold|Win32
		{056D4C47-10DD-49AD-8213-8201E2114B06}.Master Gold|Win32.ActiveCfg = Master Gold|Win32
		{056D4C47-10DD-49AD-8213-8201E2114B06}.Master Gold|Win32.Build.0 = Master Gold|Win32
		{10688643-85EA-4C0B-A19C-FFE025323791}.Master Gold|Win32.ActiveCfg = Master Gold|Win32
		{10688643-85EA-4C0B-A19C-FFE025323791}.Master Gold|Win32.Build.0 = Master Gold|Win32
		{951FE628-A044-4AB5-86E6-253295216330}.Master Gold|Win32.ActiveCfg = Release|Win32
		{03011367-A6E5-4163-B06F-1E56531ADEBE}.Master Gold|Win32.ActiveCfg = Master Gold|Win32
		{03011367-A6E5-4163-B06F-1E56531ADEBE}.Master Gold|Win32.Build.0 = Master Gold|Win32
		{0180C052-92D3-4454-B910-47D97F9021F5}.Master Gold|Win32.ActiveCfg = Master Gold|Win32
		{1BEF05DB-4870-46D4-AA52-B49F745110D0}.Master Gold|Win32.ActiveCfg = Master Gold|Win32
		{1BEF05DB-4870-46D4-AA52-B49F745110D0}.Master Gold|Win32.Build.0 = Master Gold|Win32
		{F28D31F1-5A42-4235-8F19-EA92E9BED50E}.Master Gold|Win32.ActiveCfg = Master Gold|Win32
		{73FED916-1AB3-426C-A6D6-14A428B424A6}.Master Gold|Win32.ActiveCfg = Release|Win32
		{3C336F8E-48C1-4EEC-815C-027D836222BC}.Master Gold|Win32.ActiveCfg = Master Gold|Win32
		{3C336F8E-48C1-4EEC-815C-027D836222BC}.Master Gold|Win32.Build.0 = Master Gold|Win32
		{DD6BF626-6D88-41F4-AC04-C807904C1ECF}.Master Gold|Win32.ActiveCfg = Release|Win32
		{2C0244D2-EF70-45C5-A088-1594FCCB428F}.Master Gold|Win32.ActiveCfg = Master Gold|Win32
		{2C0244D2-EF70-45C5-A088-1594FCCB428F}.Master Gold|Win32.Build.0 = Master Gold|Win32
		{7231FA3F-64A7-448E-87D6-6FD2ADA055DD}.Master Gold|Win32.ActiveCfg = Master Gold|Win32
		{7231FA3F-64A7-448E-87D6-6FD2ADA055DD}.Master Gold|Win32.Build.0 = Master Gold|Win32
		{CE017322-01FC-4851-9C8B-64E9A8E26C38}.Master Gold|Win32.ActiveCfg = Release|Win32
		{CE017322-01FC-4851-9C8B-64E9A8E26C38}.Master Gold|Win32.Build.0 = Release|Win32
		{32340157-C4AF-4380-9239-D5ECA5DDDC65}.Master Gold|Win32.ActiveCfg = Release(static)|Win32
		{58D6D4F2-6C9A-4FD8-AFA5-DE0991A26D36}.Master Gold|Win32.ActiveCfg = Release|Win32
		{9288AF70-7995-42D1-AE8F-CE14825FBC60}.Master Gold|Win32.ActiveCfg = Master Gold|Win32
		{4EBA1E2F-CEDE-4009-B890-30D72F9FEEEE}.Master Gold|Win32.ActiveCfg = Release|Win32
		{4EBA1E2F-CEDE-4009-B890-30D72F9FEEEE}.Master Gold|Win32.Build.0 = Release|Win32
		{EAFB22ED-6CE8-4740-AF16-6AE6DB773462}.Master Gold|Win32.ActiveCfg = Master Gold|Win32
		{EAFB22ED-6CE8-4740-AF16-6AE6DB773462}.Master Gold|Win32.Build.0 = Master Gold|Win32
		{653F3841-3F26-49B9-AFCF-091DB4B67031}.Master Gold|Win32.ActiveCfg = Release_SSE2|Win32
		{653F3841-3F26-49B9-AFCF-091DB4B67031}.Master Gold|Win32.Build.0 = Release_SSE2|Win32
		{C739B7EC-C9C7-497D-8A9F-735AFC484914}.Master Gold|Win32.ActiveCfg = Master Gold|Win32
		{C739B7EC-C9C7-497D-8A9F-735AFC484914}.Master Gold|Win32.Build.0 = Master Gold|Win32
		{5F3E5796-D883-4D50-A1E2-246480650808}.Master Gold|Win32.ActiveCfg = Master Gold|Win32
		{5F3E5796-D883-4D50-A1E2-246480650808}.Master Gold|Win32.Build.0 = Master Gold|Win32
		{3A214E06-B95E-4D61-A291-1F8DF2EC10FD}.Master Gold|Win32.ActiveCfg = Master Gold|Win32
		{3A214E06-B95E-4D61-A291-1F8DF2EC10FD}.Master Gold|Win32.Build.0 = Master Gold|Win32
		{CEBDE98B-A6AA-46E6-BC79-FAAF823DB9EC}.Master Gold|Win32.ActiveCfg = Master Gold|Win32
		{CEBDE98B-A6AA-46E6-BC79-FAAF823DB9EC}.Master Gold|Win32.Build.0 = Master Gold|Win32
		{C75532C4-765B-418E-B09B-46D36B2ABDB1}.Master Gold|Win32.ActiveCfg = Release|x86
		{72E591D6-8F83-4D8C-8F67-9C325E623234}.Master Gold|Win32.ActiveCfg = Release|x86
		{1351B0D6-E811-43F6-B57D-08655826DE18}.Master Gold|Win32.ActiveCfg = Release|x86
		{CA2604CA-A2AC-49A1-A468-8AB5A2E6CBC9}.Master Gold|Win32.ActiveCfg = Release|Win32
		{CA2604CA-A2AC-49A1-A468-8AB5A2E6CBC9}.Master Gold|Win32.Build.0 = Release|Win32
		{4103F7E4-2835-48FB-BA5E-DD0A14A16927}.Master Gold|Win32.ActiveCfg = Release|Win32
		{4103F7E4-2835-48FB-BA5E-DD0A14A16927}.Master Gold|Win32.Build.0 = Release|Win32
		{A9089CDE-82CB-4A02-B32C-470F1AC5E838}.Master Gold|Win32.ActiveCfg = Master Gold|Win32
		{A9089CDE-82CB-4A02-B32C-470F1AC5E838}.Master Gold|Win32.Build.0 = Master Gold|Win32
		{4841F13C-BFB3-4D2A-8B1F-4038A06648AB}.Master Gold|Win32.ActiveCfg = Release|Win32
		{4841F13C-BFB3-4D2A-8B1F-4038A06648AB}.Master Gold|Win32.Build.0 = Release|Win32
		{A015EEF3-8A2E-48B5-B303-154708610B25}.Master Gold|Win32.ActiveCfg = Master Gold|Win32
		{A015EEF3-8A2E-48B5-B303-154708610B25}.Master Gold|Win32.Build.0 = Master Gold|Win32
		{36878ABA-15C7-48A8-9AAB-1F418CE3A5AD}.Master Gold|Win32.ActiveCfg = Debug|Win32
		{5D43FBAA-EC56-45A0-A390-FC97629B4229}.Master Gold|Win32.ActiveCfg = Master Gold|Win32
		{5D43FBAA-EC56-45A0-A390-FC97629B4229}.Master Gold|Win32.Build.0 = Master Gold|Win32
		{0BD7E7B1-9179-47EA-91AD-C105ABBE9FA0}.Master Gold|Win32.ActiveCfg = Release (static)|Win32
		{0BD7E7B1-9179-47EA-91AD-C105ABBE9FA0}.Master Gold|Win32.Build.0 = Release (static)|Win32
		{B40AE7AD-8366-43AB-97C5-FEE45E229212}.Master Gold|Win32.ActiveCfg = Release (static)|Win32
		{B40AE7AD-8366-43AB-97C5-FEE45E229212}.Master Gold|Win32.Build.0 = Release (static)|Win32
		{9F3383D0-956F-4CC0-A26B-36FBD3F63C50}.Master Gold|Win32.ActiveCfg = Release|Win32
		{9F3383D0-956F-4CC0-A26B-36FBD3F63C50}.Master Gold|Win32.Build.0 = Release|Win32
		{FD1259AB-D7CA-4331-93EF-B57E09E50422}.Master Gold|Win32.ActiveCfg = Master Gold|Win32
		{FD1259AB-D7CA-4331-93EF-B57E09E50422}.Master Gold|Win32.Build.0 = Master Gold|Win32
		{70E975C2-1B9B-43C1-90DC-E6BD41782876}.Master Gold|Win32.ActiveCfg = Release|Win32
		{70E975C2-1B9B-43C1-90DC-E6BD41782876}.Master Gold|Win32.Build.0 = Release|Win32
		{531A5115-A412-41FD-B430-909BC1192981}.Master Gold|Win32.ActiveCfg = Master Gold|Win32
		{531A5115-A412-41FD-B430-909BC1192981}.Master Gold|Win32.Build.0 = Master Gold|Win32
		{7B585959-958A-4B8B-8A0B-C7FCB38D43BE}.Master Gold|Win32.ActiveCfg = Master Gold|Win32
		{7B585959-958A-4B8B-8A0B-C7FCB38D43BE}.Master Gold|Win32.Build.0 = Master Gold|Win32
		{DF4E4F25-7D8B-4CB6-B5F4-95DFB333CC29}.Master Gold|Win32.ActiveCfg = Master Gold|Win32
		{DF4E4F25-7D8B-4CB6-B5F4-95DFB333CC29}.Master Gold|Win32.Build.0 = Master Gold|Win32
		{25A7363B-1DAF-48D3-AEDE-4B7186FA29D6}.Master Gold|Win32.ActiveCfg = Master Gold|Win32
		{25A7363B-1DAF-48D3-AEDE-4B7186FA29D6}.Master Gold|Win32.Build.0 = Master Gold|Win32
	EndGlobalSection
	GlobalSection(SolutionProperties) = preSolution
		HideSolutionNode = FALSE
	EndGlobalSection
	GlobalSection(NestedProjects) = preSolution
		{CF4712AF-0AD9-499D-BB31-3FFBF840E6BF} = {776A52DA-4E55-4FBB-9128-942DEC6FD49F}
		{1920DFDF-1B22-4B03-A059-33549C9EBD7C} = {776A52DA-4E55-4FBB-9128-942DEC6FD49F}
		{C92DCB6B-950B-4B4C-BEEF-1EDCAE789018} = {776A52DA-4E55-4FBB-9128-942DEC6FD49F}
		{DEEF461C-D46A-41EC-BA27-3ED3E8E2F2C4} = {776A52DA-4E55-4FBB-9128-942DEC6FD49F}
		{1375D386-5505-4A92-A8AB-0A9F52D4760E} = {776A52DA-4E55-4FBB-9128-942DEC6FD49F}
		{BC0D9536-0705-4947-9D26-E4F604045613} = {776A52DA-4E55-4FBB-9128-942DEC6FD49F}
		{8E80F945-8259-41C4-ABDC-CF75885833F6} = {776A52DA-4E55-4FBB-9128-942DEC6FD49F}
		{A924A84E-4D86-43AA-A9C3-19A5C38FC5A2} = {776A52DA-4E55-4FBB-9128-942DEC6FD49F}
		{80BFC1DD-D5BB-4AE5-9EC8-E41043292F46} = {776A52DA-4E55-4FBB-9128-942DEC6FD49F}
		{0FA0F2D0-73D3-4C9A-84F7-1D6873024F96} = {776A52DA-4E55-4FBB-9128-942DEC6FD49F}
		{81243BA2-540C-4118-B99F-DC3CDBA53A34} = {776A52DA-4E55-4FBB-9128-942DEC6FD49F}
		{AC5DD91F-CE10-4E05-B48A-E1DDEC5CCD9C} = {776A52DA-4E55-4FBB-9128-942DEC6FD49F}
		{0D4EC042-F237-4F3B-926A-7E9E304A6279} = {776A52DA-4E55-4FBB-9128-942DEC6FD49F}
		{92742045-96DC-424A-883F-F4E463F4C39A} = {776A52DA-4E55-4FBB-9128-942DEC6FD49F}
		{D8476D76-9C18-4712-8553-1464F00D0F2C} = {776A52DA-4E55-4FBB-9128-942DEC6FD49F}
		{3ABCF987-4236-460A-87DD-40DA98BA3B31} = {776A52DA-4E55-4FBB-9128-942DEC6FD49F}
		{3C336F8E-48C1-4EEC-815C-027D836222BC} = {776A52DA-4E55-4FBB-9128-942DEC6FD49F}
		{C739B7EC-C9C7-497D-8A9F-735AFC484914} = {776A52DA-4E55-4FBB-9128-942DEC6FD49F}
		{9D1B540F-5E44-4ECA-B371-2BBF93B9DBC2} = {4E2399DA-D511-4F61-ACCB-894F87214FC5}
		{2C0244D2-EF70-45C5-A088-1594FCCB428F} = {4E2399DA-D511-4F61-ACCB-894F87214FC5}
		{7231FA3F-64A7-448E-87D6-6FD2ADA055DD} = {4E2399DA-D511-4F61-ACCB-894F87214FC5}
		{DF4E4F25-7D8B-4CB6-B5F4-95DFB333CC29} = {4E2399DA-D511-4F61-ACCB-894F87214FC5}
		{A0327856-D686-4659-90B9-226877A9D11F} = {CF4712AF-0AD9-499D-BB31-3FFBF840E6BF}
		{E7FF01A9-20EA-431D-8EE5-71631F8C05A5} = {CF4712AF-0AD9-499D-BB31-3FFBF840E6BF}
		{E479FF54-6317-42C2-8B50-7522D869814F} = {1920DFDF-1B22-4B03-A059-33549C9EBD7C}
		{03011367-A6E5-4163-B06F-1E56531ADEBE} = {1920DFDF-1B22-4B03-A059-33549C9EBD7C}
		{39624382-B2EB-46C8-A54B-733AC2D1C83F} = {C92DCB6B-950B-4B4C-BEEF-1EDCAE789018}
		{E31F3F03-D47A-4ED0-9503-171B94B1BFB2} = {C92DCB6B-950B-4B4C-BEEF-1EDCAE789018}
		{23F036A4-B540-4F32-A58B-1C7A11523D48} = {C92DCB6B-950B-4B4C-BEEF-1EDCAE789018}
		{1E8DB72A-E3ED-4E15-979B-31BA5BFDD4C1} = {C92DCB6B-950B-4B4C-BEEF-1EDCAE789018}
		{5F3E5796-D883-4D50-A1E2-246480650808} = {C92DCB6B-950B-4B4C-BEEF-1EDCAE789018}
		{6131E08B-62E9-4776-85AE-06C91D3AED7A} = {DEEF461C-D46A-41EC-BA27-3ED3E8E2F2C4}
		{5EC58FB8-223B-4991-9074-AB7739DD7773} = {DEEF461C-D46A-41EC-BA27-3ED3E8E2F2C4}
		{F9523302-4516-4FEC-863B-01031632EC37} = {DEEF461C-D46A-41EC-BA27-3ED3E8E2F2C4}
		{D48CBBFF-8B47-4E0F-915B-3220F3BC2402} = {DEEF461C-D46A-41EC-BA27-3ED3E8E2F2C4}
		{FDDFC8AD-1E92-4A92-8937-152C64C5B980} = {DEEF461C-D46A-41EC-BA27-3ED3E8E2F2C4}
		{09BE8F4A-0DCC-484D-9AB8-517E456EA429} = {DEEF461C-D46A-41EC-BA27-3ED3E8E2F2C4}
		{7B841BC8-D6BD-4665-92B9-21DE323D20FA} = {DEEF461C-D46A-41EC-BA27-3ED3E8E2F2C4}
		{DD6BF626-6D88-41F4-AC04-C807904C1ECF} = {DEEF461C-D46A-41EC-BA27-3ED3E8E2F2C4}
		{1351B0D6-E811-43F6-B57D-08655826DE18} = {DEEF461C-D46A-41EC-BA27-3ED3E8E2F2C4}
		{9F3383D0-956F-4CC0-A26B-36FBD3F63C50} = {1375D386-5505-4A92-A8AB-0A9F52D4760E}
		{FD1259AB-D7CA-4331-93EF-B57E09E50422} = {1375D386-5505-4A92-A8AB-0A9F52D4760E}
		{70E975C2-1B9B-43C1-90DC-E6BD41782876} = {1375D386-5505-4A92-A8AB-0A9F52D4760E}
		{531A5115-A412-41FD-B430-909BC1192981} = {1375D386-5505-4A92-A8AB-0A9F52D4760E}
		{7B585959-958A-4B8B-8A0B-C7FCB38D43BE} = {1375D386-5505-4A92-A8AB-0A9F52D4760E}
		{25A7363B-1DAF-48D3-AEDE-4B7186FA29D6} = {1375D386-5505-4A92-A8AB-0A9F52D4760E}
		{5A9538ED-593C-40A1-979E-1ADF9312B6C5} = {BC0D9536-0705-4947-9D26-E4F604045613}
		{82E59A6B-049A-412E-AEB1-3B679AAEC50F} = {BC0D9536-0705-4947-9D26-E4F604045613}
		{36878ABA-15C7-48A8-9AAB-1F418CE3A5AD} = {BC0D9536-0705-4947-9D26-E4F604045613}
		{8D2E90F4-B0D0-4B91-84EC-FE583D8C66F3} = {8E80F945-8259-41C4-ABDC-CF75885833F6}
		{C2FEBAE9-7A0D-483E-89B7-1FF2388187E4} = {8E80F945-8259-41C4-ABDC-CF75885833F6}
		{1BEF05DB-4870-46D4-AA52-B49F745110D0} = {8E80F945-8259-41C4-ABDC-CF75885833F6}
		{9724E636-3095-4580-9937-970D9E6F12AF} = {A924A84E-4D86-43AA-A9C3-19A5C38FC5A2}
		{153CE950-4603-4623-A79A-D2742AB2B52D} = {A924A84E-4D86-43AA-A9C3-19A5C38FC5A2}
		{26CEB63F-00C3-43EB-B350-3D84654F67B7} = {A924A84E-4D86-43AA-A9C3-19A5C38FC5A2}
		{87B60F9B-C60E-4521-B6E0-6E94D2C6AEE9} = {A924A84E-4D86-43AA-A9C3-19A5C38FC5A2}
		{0242E44D-6F7D-40EA-B7EF-2C4255E445D1} = {A924A84E-4D86-43AA-A9C3-19A5C38FC5A2}
		{A628F898-4358-46F7-A46A-AD354520B30E} = {A924A84E-4D86-43AA-A9C3-19A5C38FC5A2}
		{459EFA26-D938-490C-96EB-C9A6C12F044E} = {A924A84E-4D86-43AA-A9C3-19A5C38FC5A2}
		{C943D9F8-1E67-4BDB-8C90-BC9B27D66B7F} = {A924A84E-4D86-43AA-A9C3-19A5C38FC5A2}
		{CB487885-BEF1-40E7-A6F9-0C98A72EF12A} = {A924A84E-4D86-43AA-A9C3-19A5C38FC5A2}
		{9CE08AA4-9163-4A42-BCBF-E361B5BA5BC0} = {A924A84E-4D86-43AA-A9C3-19A5C38FC5A2}
		{7526BE21-03E8-4339-8E64-AA08E359FBE0} = {A924A84E-4D86-43AA-A9C3-19A5C38FC5A2}
		{CC52E0B3-CC35-4934-9302-035B748F3F2C} = {A924A84E-4D86-43AA-A9C3-19A5C38FC5A2}
		{1BF75FEB-87DD-486C-880B-227987D191C2} = {A924A84E-4D86-43AA-A9C3-19A5C38FC5A2}
		{15CBFEFF-7965-41F5-B4E2-21E8795C9159} = {A924A84E-4D86-43AA-A9C3-19A5C38FC5A2}
		{89B26C95-1B8D-4B37-8A87-232F22996616} = {A924A84E-4D86-43AA-A9C3-19A5C38FC5A2}
		{653F3841-3F26-49B9-AFCF-091DB4B67031} = {A924A84E-4D86-43AA-A9C3-19A5C38FC5A2}
		{22E7D60C-D75C-46E4-8CCB-1D395D5FC54D} = {A924A84E-4D86-43AA-A9C3-19A5C38FC5A2}
		{4728470A-7290-4A72-8505-1D9A1944C7C4} = {80BFC1DD-D5BB-4AE5-9EC8-E41043292F46}
		{827DD5DE-6CBC-44E7-9178-A1786BF4EC8A} = {80BFC1DD-D5BB-4AE5-9EC8-E41043292F46}
		{951FE628-A044-4AB5-86E6-253295216330} = {80BFC1DD-D5BB-4AE5-9EC8-E41043292F46}
		{0180C052-92D3-4454-B910-47D97F9021F5} = {80BFC1DD-D5BB-4AE5-9EC8-E41043292F46}
		{F28D31F1-5A42-4235-8F19-EA92E9BED50E} = {80BFC1DD-D5BB-4AE5-9EC8-E41043292F46}
		{73FED916-1AB3-426C-A6D6-14A428B424A6} = {80BFC1DD-D5BB-4AE5-9EC8-E41043292F46}
		{32340157-C4AF-4380-9239-D5ECA5DDDC65} = {80BFC1DD-D5BB-4AE5-9EC8-E41043292F46}
		{58D6D4F2-6C9A-4FD8-AFA5-DE0991A26D36} = {80BFC1DD-D5BB-4AE5-9EC8-E41043292F46}
		{9288AF70-7995-42D1-AE8F-CE14825FBC60} = {80BFC1DD-D5BB-4AE5-9EC8-E41043292F46}
		{EAFB22ED-6CE8-4740-AF16-6AE6DB773462} = {80BFC1DD-D5BB-4AE5-9EC8-E41043292F46}
		{A9089CDE-82CB-4A02-B32C-470F1AC5E838} = {80BFC1DD-D5BB-4AE5-9EC8-E41043292F46}
		{4841F13C-BFB3-4D2A-8B1F-4038A06648AB} = {80BFC1DD-D5BB-4AE5-9EC8-E41043292F46}
		{A015EEF3-8A2E-48B5-B303-154708610B25} = {80BFC1DD-D5BB-4AE5-9EC8-E41043292F46}
		{C75532C4-765B-418E-B09B-46D36B2ABDB1} = {9724E636-3095-4580-9937-970D9E6F12AF}
		{72E591D6-8F83-4D8C-8F67-9C325E623234} = {9724E636-3095-4580-9937-970D9E6F12AF}
		{4EBA1E2F-CEDE-4009-B890-30D72F9FEEEE} = {153CE950-4603-4623-A79A-D2742AB2B52D}
		{E8CF1ADA-264A-4127-86C2-FD7057D3792C} = {26CEB63F-00C3-43EB-B350-3D84654F67B7}
		{DB2FF1D6-DA8A-4814-AF27-10F61BAFAC73} = {26CEB63F-00C3-43EB-B350-3D84654F67B7}
		{893279CB-0805-405F-B484-9BB728A18261} = {26CEB63F-00C3-43EB-B350-3D84654F67B7}
		{4499AFDB-F9F1-42DE-B41A-3195D7B50112} = {26CEB63F-00C3-43EB-B350-3D84654F67B7}
		{4103F7E4-2835-48FB-BA5E-DD0A14A16927} = {26CEB63F-00C3-43EB-B350-3D84654F67B7}
		{CA2604CA-A2AC-49A1-A468-8AB5A2E6CBC9} = {87B60F9B-C60E-4521-B6E0-6E94D2C6AEE9}
		{0BD7E7B1-9179-47EA-91AD-C105ABBE9FA0} = {0242E44D-6F7D-40EA-B7EF-2C4255E445D1}
		{B40AE7AD-8366-43AB-97C5-FEE45E229212} = {0242E44D-6F7D-40EA-B7EF-2C4255E445D1}
		{9E219DF2-315D-478E-8A07-8960C377CE1E} = {A628F898-4358-46F7-A46A-AD354520B30E}
		{5E1D4E5F-E10C-4BA3-B663-F33014FD21D9} = {A628F898-4358-46F7-A46A-AD354520B30E}
		{912A2D43-35A3-4AF2-B2EB-0D81EFFDA6DC} = {A628F898-4358-46F7-A46A-AD354520B30E}
		{E3536C28-A7F1-4B53-8E52-7D2232F9E098} = {A628F898-4358-46F7-A46A-AD354520B30E}
		{7DB10B50-CE00-4D7A-B322-6824F05D2FCB} = {A628F898-4358-46F7-A46A-AD354520B30E}
		{431E3F3F-7C4D-430A-B8F1-4F165DB64EDC} = {A628F898-4358-46F7-A46A-AD354520B30E}
		{17A4874B-0606-4687-90B6-F91F8CB3B8AF} = {A628F898-4358-46F7-A46A-AD354520B30E}
		{4046F392-A18B-4C66-9639-3EABFFF5D531} = {459EFA26-D938-490C-96EB-C9A6C12F044E}
		{F143D180-D4C4-4037-B3DE-BE89A21C8D1D} = {459EFA26-D938-490C-96EB-C9A6C12F044E}
		{1AEB7681-57D8-48EE-813D-5C41CC38B647} = {459EFA26-D938-490C-96EB-C9A6C12F044E}
		{CE017322-01FC-4851-9C8B-64E9A8E26C38} = {459EFA26-D938-490C-96EB-C9A6C12F044E}
		{3A214E06-B95E-4D61-A291-1F8DF2EC10FD} = {C943D9F8-1E67-4BDB-8C90-BC9B27D66B7F}
		{CEBDE98B-A6AA-46E6-BC79-FAAF823DB9EC} = {C943D9F8-1E67-4BDB-8C90-BC9B27D66B7F}
		{4806F475-DEDD-4C00-B866-E5E6AAC302C1} = {8D2E90F4-B0D0-4B91-84EC-FE583D8C66F3}
		{AA86F3B2-7439-467E-A3D4-652E0A94CE9C} = {8D2E90F4-B0D0-4B91-84EC-FE583D8C66F3}
		{10688643-85EA-4C0B-A19C-FFE025323791} = {4806F475-DEDD-4C00-B866-E5E6AAC302C1}
		{056D4C47-10DD-49AD-8213-8201E2114B06} = {4806F475-DEDD-4C00-B866-E5E6AAC302C1}
		{5D43FBAA-EC56-45A0-A390-FC97629B4229} = {AA86F3B2-7439-467E-A3D4-652E0A94CE9C}
	EndGlobalSection
EndGlobal
